// !$*UTF8*$!
{
	archiveVersion = 1;
	classes = {
	};
	objectVersion = 50;
	objects = {

/* Begin PBXBuildFile section */
		CEBD29A22261876C0073B0C1 /* AppDelegate.m in Sources */ = {isa = PBXBuildFile; fileRef = CEBD29A12261876C0073B0C1 /* AppDelegate.m */; };
		CEBD29A52261876C0073B0C1 /* ViewController.m in Sources */ = {isa = PBXBuildFile; fileRef = CEBD29A42261876C0073B0C1 /* ViewController.m */; };
		CEBD29A82261876C0073B0C1 /* Main.storyboard in Resources */ = {isa = PBXBuildFile; fileRef = CEBD29A62261876C0073B0C1 /* Main.storyboard */; };
		CEBD29AA2261876D0073B0C1 /* Assets.xcassets in Resources */ = {isa = PBXBuildFile; fileRef = CEBD29A92261876D0073B0C1 /* Assets.xcassets */; };
		CEBD29AD2261876D0073B0C1 /* LaunchScreen.storyboard in Resources */ = {isa = PBXBuildFile; fileRef = CEBD29AB2261876D0073B0C1 /* LaunchScreen.storyboard */; };
		CEBD29B02261876D0073B0C1 /* main.m in Sources */ = {isa = PBXBuildFile; fileRef = CEBD29AF2261876D0073B0C1 /* main.m */; };
		CEBD29B7226187A60073B0C1 /* Font Awesome 5 Free-Solid-900.otf in Resources */ = {isa = PBXBuildFile; fileRef = CEBD29B6226187A20073B0C1 /* Font Awesome 5 Free-Solid-900.otf */; };
/* End PBXBuildFile section */

/* Begin PBXFileReference section */
		CEBD299D2261876C0073B0C1 /* FontAwsomeIniOS.app */ = {isa = PBXFileReference; explicitFileType = wrapper.application; includeInIndex = 0; path = FontAwsomeIniOS.app; sourceTree = BUILT_PRODUCTS_DIR; };
		CEBD29A02261876C0073B0C1 /* AppDelegate.h */ = {isa = PBXFileReference; lastKnownFileType = sourcecode.c.h; path = AppDelegate.h; sourceTree = "<group>"; };
		CEBD29A12261876C0073B0C1 /* AppDelegate.m */ = {isa = PBXFileReference; lastKnownFileType = sourcecode.c.objc; path = AppDelegate.m; sourceTree = "<group>"; };
		CEBD29A32261876C0073B0C1 /* ViewController.h */ = {isa = PBXFileReference; lastKnownFileType = sourcecode.c.h; path = ViewController.h; sourceTree = "<group>"; };
		CEBD29A42261876C0073B0C1 /* ViewController.m */ = {isa = PBXFileReference; lastKnownFileType = sourcecode.c.objc; path = ViewController.m; sourceTree = "<group>"; };
		CEBD29A72261876C0073B0C1 /* Base */ = {isa = PBXFileReference; lastKnownFileType = file.storyboard; name = Base; path = Base.lproj/Main.storyboard; sourceTree = "<group>"; };
		CEBD29A92261876D0073B0C1 /* Assets.xcassets */ = {isa = PBXFileReference; lastKnownFileType = folder.assetcatalog; path = Assets.xcassets; sourceTree = "<group>"; };
		CEBD29AC2261876D0073B0C1 /* Base */ = {isa = PBXFileReference; lastKnownFileType = file.storyboard; name = Base; path = Base.lproj/LaunchScreen.storyboard; sourceTree = "<group>"; };
		CEBD29AE2261876D0073B0C1 /* Info.plist */ = {isa = PBXFileReference; lastKnownFileType = text.plist.xml; path = Info.plist; sourceTree = "<group>"; };
		CEBD29AF2261876D0073B0C1 /* main.m */ = {isa = PBXFileReference; lastKnownFileType = sourcecode.c.objc; path = main.m; sourceTree = "<group>"; };
		CEBD29B6226187A20073B0C1 /* Font Awesome 5 Free-Solid-900.otf */ = {isa = PBXFileReference; lastKnownFileType = file; path = "Font Awesome 5 Free-Solid-900.otf"; sourceTree = "<group>"; };
/* End PBXFileReference section */

/* Begin PBXFrameworksBuildPhase section */
		CEBD299A2261876C0073B0C1 /* Frameworks */ = {
			isa = PBXFrameworksBuildPhase;
			buildActionMask = 2147483647;
			files = (
			);
			runOnlyForDeploymentPostprocessing = 0;
		};
/* End PBXFrameworksBuildPhase section */

/* Begin PBXGroup section */
		CEBD29942261876C0073B0C1 = {
			isa = PBXGroup;
			children = (
				CEBD299F2261876C0073B0C1 /* FontAwsomeIniOS */,
				CEBD299E2261876C0073B0C1 /* Products */,
			);
			sourceTree = "<group>";
		};
		CEBD299E2261876C0073B0C1 /* Products */ = {
			isa = PBXGroup;
			children = (
				CEBD299D2261876C0073B0C1 /* FontAwsomeIniOS.app */,
			);
			name = Products;
			sourceTree = "<group>";
		};
		CEBD299F2261876C0073B0C1 /* FontAwsomeIniOS */ = {
			isa = PBXGroup;
			children = (
				CEBD29A02261876C0073B0C1 /* AppDelegate.h */,
				CEBD29A12261876C0073B0C1 /* AppDelegate.m */,
				CEBD29A32261876C0073B0C1 /* ViewController.h */,
				CEBD29A42261876C0073B0C1 /* ViewController.m */,
				CEBD29A62261876C0073B0C1 /* Main.storyboard */,
				CEBD29B6226187A20073B0C1 /* Font Awesome 5 Free-Solid-900.otf */,
				CEBD29A92261876D0073B0C1 /* Assets.xcassets */,
				CEBD29AB2261876D0073B0C1 /* LaunchScreen.storyboard */,
				CEBD29AE2261876D0073B0C1 /* Info.plist */,
				CEBD29AF2261876D0073B0C1 /* main.m */,
			);
			path = FontAwsomeIniOS;
			sourceTree = "<group>";
		};
/* End PBXGroup section */

/* Begin PBXNativeTarget section */
		CEBD299C2261876C0073B0C1 /* FontAwsomeIniOS */ = {
			isa = PBXNativeTarget;
			buildConfigurationList = CEBD29B32261876D0073B0C1 /* Build configuration list for PBXNativeTarget "FontAwsomeIniOS" */;
			buildPhases = (
				CEBD29992261876C0073B0C1 /* Sources */,
				CEBD299A2261876C0073B0C1 /* Frameworks */,
				CEBD299B2261876C0073B0C1 /* Resources */,
			);
			buildRules = (
			);
			dependencies = (
			);
			name = FontAwsomeIniOS;
			productName = FontAwsomeIniOS;
			productReference = CEBD299D2261876C0073B0C1 /* FontAwsomeIniOS.app */;
			productType = "com.apple.product-type.application";
		};
/* End PBXNativeTarget section */

/* Begin PBXProject section */
		CEBD29952261876C0073B0C1 /* Project object */ = {
			isa = PBXProject;
			attributes = {
				LastUpgradeCheck = 1020;
				ORGANIZATIONNAME = Eric;
				TargetAttributes = {
					CEBD299C2261876C0073B0C1 = {
						CreatedOnToolsVersion = 10.2;
					};
				};
			};
			buildConfigurationList = CEBD29982261876C0073B0C1 /* Build configuration list for PBXProject "FontAwsomeIniOS" */;
			compatibilityVersion = "Xcode 9.3";
			developmentRegion = en;
			hasScannedForEncodings = 0;
			knownRegions = (
				en,
				Base,
			);
			mainGroup = CEBD29942261876C0073B0C1;
			productRefGroup = CEBD299E2261876C0073B0C1 /* Products */;
			projectDirPath = "";
			projectRoot = "";
			targets = (
				CEBD299C2261876C0073B0C1 /* FontAwsomeIniOS */,
			);
		};
/* End PBXProject section */

/* Begin PBXResourcesBuildPhase section */
		CEBD299B2261876C0073B0C1 /* Resources */ = {
			isa = PBXResourcesBuildPhase;
			buildActionMask = 2147483647;
			files = (
				CEBD29AD2261876D0073B0C1 /* LaunchScreen.storyboard in Resources */,
				CEBD29AA2261876D0073B0C1 /* Assets.xcassets in Resources */,
				CEBD29A82261876C0073B0C1 /* Main.storyboard in Resources */,
				CEBD29B7226187A60073B0C1 /* Font Awesome 5 Free-Solid-900.otf in Resources */,
			);
			runOnlyForDeploymentPostprocessing = 0;
		};
/* End PBXResourcesBuildPhase section */

/* Begin PBXSourcesBuildPhase section */
		CEBD29992261876C0073B0C1 /* Sources */ = {
			isa = PBXSourcesBuildPhase;
			buildActionMask = 2147483647;
			files = (
				CEBD29A52261876C0073B0C1 /* ViewController.m in Sources */,
				CEBD29B02261876D0073B0C1 /* main.m in Sources */,
				CEBD29A22261876C0073B0C1 /* AppDelegate.m in Sources */,
			);
			runOnlyForDeploymentPostprocessing = 0;
		};
/* End PBXSourcesBuildPhase section */

/* Begin PBXVariantGroup section */
		CEBD29A62261876C0073B0C1 /* Main.storyboard */ = {
			isa = PBXVariantGroup;
			children = (
				CEBD29A72261876C0073B0C1 /* Base */,
			);
			name = Main.storyboard;
			sourceTree = "<group>";
		};
		CEBD29AB2261876D0073B0C1 /* LaunchScreen.storyboard */ = {
			isa = PBXVariantGroup;
			children = (
				CEBD29AC2261876D0073B0C1 /* Base */,
			);
			name = LaunchScreen.storyboard;
			sourceTree = "<group>";
		};
/* End PBXVariantGroup section */

/* Begin XCBuildConfiguration section */
		CEBD29B12261876D0073B0C1 /* Debug */ = {
			isa = XCBuildConfiguration;
			buildSettings = {
				ALWAYS_SEARCH_USER_PATHS = NO;
				CLANG_ANALYZER_NONNULL = YES;
				CLANG_ANALYZER_NUMBER_OBJECT_CONVERSION = YES_AGGRESSIVE;
				CLANG_CXX_LANGUAGE_STANDARD = "gnu++14";
				CLANG_CXX_LIBRARY = "libc++";
				CLANG_ENABLE_MODULES = YES;
				CLANG_ENABLE_OBJC_ARC = YES;
				CLANG_ENABLE_OBJC_WEAK = YES;
				CLANG_WARN_BLOCK_CAPTURE_AUTORELEASING = YES;
				CLANG_WARN_BOOL_CONVERSION = YES;
				CLANG_WARN_COMMA = YES;
				CLANG_WARN_CONSTANT_CONVERSION = YES;
				CLANG_WARN_DEPRECATED_OBJC_IMPLEMENTATIONS = YES;
				CLANG_WARN_DIRECT_OBJC_ISA_USAGE = YES_ERROR;
				CLANG_WARN_DOCUMENTATION_COMMENTS = YES;
				CLANG_WARN_EMPTY_BODY = YES;
				CLANG_WARN_ENUM_CONVERSION = YES;
				CLANG_WARN_INFINITE_RECURSION = YES;
				CLANG_WARN_INT_CONVERSION = YES;
				CLANG_WARN_NON_LITERAL_NULL_CONVERSION = YES;
				CLANG_WARN_OBJC_IMPLICIT_RETAIN_SELF = YES;
				CLANG_WARN_OBJC_LITERAL_CONVERSION = YES;
				CLANG_WARN_OBJC_ROOT_CLASS = YES_ERROR;
				CLANG_WARN_RANGE_LOOP_ANALYSIS = YES;
				CLANG_WARN_STRICT_PROTOTYPES = YES;
				CLANG_WARN_SUSPICIOUS_MOVE = YES;
				CLANG_WARN_UNGUARDED_AVAILABILITY = YES_AGGRESSIVE;
				CLANG_WARN_UNREACHABLE_CODE = YES;
				CLANG_WARN__DUPLICATE_METHOD_MATCH = YES;
				CODE_SIGN_IDENTITY = "iPhone Developer";
				COPY_PHASE_STRIP = NO;
				DEBUG_INFORMATION_FORMAT = dwarf;
				ENABLE_STRICT_OBJC_MSGSEND = YES;
				ENABLE_TESTABILITY = YES;
				GCC_C_LANGUAGE_STANDARD = gnu11;
				GCC_DYNAMIC_NO_PIC = NO;
				GCC_NO_COMMON_BLOCKS = YES;
				GCC_OPTIMIZATION_LEVEL = 0;
				GCC_PREPROCESSOR_DEFINITIONS = (
					"DEBUG=1",
					"$(inherited)",
				);
				GCC_WARN_64_TO_32_BIT_CONVERSION = YES;
				GCC_WARN_ABOUT_RETURN_TYPE = YES_ERROR;
				GCC_WARN_UNDECLARED_SELECTOR = YES;
				GCC_WARN_UNINITIALIZED_AUTOS = YES_AGGRESSIVE;
				GCC_WARN_UNUSED_FUNCTION = YES;
				GCC_WARN_UNUSED_VARIABLE = YES;
				IPHONEOS_DEPLOYMENT_TARGET = 12.2;
				MTL_ENABLE_DEBUG_INFO = INCLUDE_SOURCE;
				MTL_FAST_MATH = YES;
				ONLY_ACTIVE_ARCH = YES;
				SDKROOT = iphoneos;
			};
			name = Debug;
		};
		CEBD29B22261876D0073B0C1 /* Release */ = {
			isa = XCBuildConfiguration;
			buildSettings = {
				ALWAYS_SEARCH_USER_PATHS = NO;
				CLANG_ANALYZER_NONNULL = YES;
				CLANG_ANALYZER_NUMBER_OBJECT_CONVERSION = YES_AGGRESSIVE;
				CLANG_CXX_LANGUAGE_STANDARD = "gnu++14";
				CLANG_CXX_LIBRARY = "libc++";
				CLANG_ENABLE_MODULES = YES;
				CLANG_ENABLE_OBJC_ARC = YES;
				CLANG_ENABLE_OBJC_WEAK = YES;
				CLANG_WARN_BLOCK_CAPTURE_AUTORELEASING = YES;
				CLANG_WARN_BOOL_CONVERSION = YES;
				CLANG_WARN_COMMA = YES;
				CLANG_WARN_CONSTANT_CONVERSION = YES;
				CLANG_WARN_DEPRECATED_OBJC_IMPLEMENTATIONS = YES;
				CLANG_WARN_DIRECT_OBJC_ISA_USAGE = YES_ERROR;
				CLANG_WARN_DOCUMENTATION_COMMENTS = YES;
				CLANG_WARN_EMPTY_BODY = YES;
				CLANG_WARN_ENUM_CONVERSION = YES;
				CLANG_WARN_INFINITE_RECURSION = YES;
				CLANG_WARN_INT_CONVERSION = YES;
				CLANG_WARN_NON_LITERAL_NULL_CONVERSION = YES;
				CLANG_WARN_OBJC_IMPLICIT_RETAIN_SELF = YES;
				CLANG_WARN_OBJC_LITERAL_CONVERSION = YES;
				CLANG_WARN_OBJC_ROOT_CLASS = YES_ERROR;
				CLANG_WARN_RANGE_LOOP_ANALYSIS = YES;
				CLANG_WARN_STRICT_PROTOTYPES = YES;
				CLANG_WARN_SUSPICIOUS_MOVE = YES;
				CLANG_WARN_UNGUARDED_AVAILABILITY = YES_AGGRESSIVE;
				CLANG_WARN_UNREACHABLE_CODE = YES;
				CLANG_WARN__DUPLICATE_METHOD_MATCH = YES;
				CODE_SIGN_IDENTITY = "iPhone Developer";
				COPY_PHASE_STRIP = NO;
				DEBUG_INFORMATION_FORMAT = "dwarf-with-dsym";
				ENABLE_NS_ASSERTIONS = NO;
				ENABLE_STRICT_OBJC_MSGSEND = YES;
				GCC_C_LANGUAGE_STANDARD = gnu11;
				GCC_NO_COMMON_BLOCKS = YES;
				GCC_WARN_64_TO_32_BIT_CONVERSION = YES;
				GCC_WARN_ABOUT_RETURN_TYPE = YES_ERROR;
				GCC_WARN_UNDECLARED_SELECTOR = YES;
				GCC_WARN_UNINITIALIZED_AUTOS = YES_AGGRESSIVE;
				GCC_WARN_UNUSED_FUNCTION = YES;
				GCC_WARN_UNUSED_VARIABLE = YES;
				IPHONEOS_DEPLOYMENT_TARGET = 12.2;
				MTL_ENABLE_DEBUG_INFO = NO;
				MTL_FAST_MATH = YES;
				SDKROOT = iphoneos;
				VALIDATE_PRODUCT = YES;
			};
			name = Release;
		};
		CEBD29B42261876D0073B0C1 /* Debug */ = {
			isa = XCBuildConfiguration;
			buildSettings = {
				ASSETCATALOG_COMPILER_APPICON_NAME = AppIcon;
				CODE_SIGN_STYLE = Automatic;
				DEVELOPMENT_TEAM = 73L7TQ7493;
				INFOPLIST_FILE = FontAwsomeIniOS/Info.plist;
				LD_RUNPATH_SEARCH_PATHS = (
					"$(inherited)",
					"@executable_path/Frameworks",
				);
				PRODUCT_BUNDLE_IDENTIFIER = LG.FontAwsomeIniOS;
				PRODUCT_NAME = "$(TARGET_NAME)";
				TARGETED_DEVICE_FAMILY = "1,2";
			};
			name = Debug;
		};
		CEBD29B52261876D0073B0C1 /* Release */ = {
			isa = XCBuildConfiguration;
			buildSettings = {
				ASSETCATALOG_COMPILER_APPICON_NAME = AppIcon;
				CODE_SIGN_STYLE = Automatic;
				DEVELOPMENT_TEAM = 73L7TQ7493;
				INFOPLIST_FILE = FontAwsomeIniOS/Info.plist;
				LD_RUNPATH_SEARCH_PATHS = (
					"$(inherited)",
					"@executable_path/Frameworks",
				);
				PRODUCT_BUNDLE_IDENTIFIER = LG.FontAwsomeIniOS;
				PRODUCT_NAME = "$(TARGET_NAME)";
				TARGETED_DEVICE_FAMILY = "1,2";
			};
			name = Release;
		};
/* End XCBuildConfiguration section */

/* Begin XCConfigurationList section */
		CEBD29982261876C0073B0C1 /* Build configuration list for PBXProject "FontAwsomeIniOS" */ = {
			isa = XCConfigurationList;
			buildConfigurations = (
				CEBD29B12261876D0073B0C1 /* Debug */,
				CEBD29B22261876D0073B0C1 /* Release */,
			);
			defaultConfigurationIsVisible = 0;
			defaultConfigurationName = Release;
		};
		CEBD29B32261876D0073B0C1 /* Build configuration list for PBXNativeTarget "FontAwsomeIniOS" */ = {
			isa = XCConfigurationList;
			buildConfigurations = (
				CEBD29B42261876D0073B0C1 /* Debug */,
				CEBD29B52261876D0073B0C1 /* Release */,
			);
			defaultConfigurationIsVisible = 0;
			defaultConfigurationName = Release;
		};
/* End XCConfigurationList section */
	};
	rootObject = CEBD29952261876C0073B0C1 /* Project object */;
}
